{
  "name": "remount",
  "version": "0.9.5",
  "lockfileVersion": 1,
  "requires": true,
  "dependencies": {
    "react-shadow-dom-retarget-events": {
      "version": "1.0.8",
      "resolved": "https://registry.npmjs.org/react-shadow-dom-retarget-events/-/react-shadow-dom-retarget-events-1.0.8.tgz",
      "integrity": "sha1-QR/nkZTZdNfRlEYiUIrCccw6Q0Y="
    }
  }
}
